
Microsoft Visual Studio Solution File, Format Version 12.00
# Visual Studio Version 16
VisualStudioVersion = 16.0.31729.503
MinimumVisualStudioVersion = 10.0.40219.1
Project("{F184B08F-C81C-45F6-A57F-5ABD9991F28F}") = "jenkinsdeploytest", "jenkinsdeploytest\jenkinsdeploytest.vbproj", "{209F2286-6784-4E68-A324-EE3E121B0776}"
EndProject
Global
	GlobalSection(SolutionConfigurationPlatforms) = preSolution
		Debug|Any CPU = Debug|Any CPU
		Release|Any CPU = Release|Any CPU
	EndGlobalSection
	GlobalSection(ProjectConfigurationPlatforms) = postSolution
		{209F2286-6784-4E68-A324-EE3E121B0776}.Debug|Any CPU.ActiveCfg = Debug|Any CPU
		{209F2286-6784-4E68-A324-EE3E121B0776}.Debug|Any CPU.Build.0 = Debug|Any CPU
		{209F2286-6784-4E68-A324-EE3E121B0776}.Release|Any CPU.ActiveCfg = Release|Any CPU
		{209F2286-6784-4E68-A324-EE3E121B0776}.Release|Any CPU.Build.0 = Release|Any CPU
	EndGlobalSection
	GlobalSection(SolutionProperties) = preSolution
		HideSolutionNode = FALSE
	EndGlobalSection
	GlobalSection(ExtensibilityGlobals) = postSolution
		SolutionGuid = {7F734994-4166-4403-94DD-A09BC66DF670}
	EndGlobalSection
EndGlobal
